
Microsoft Visual Studio Solution File, Format Version 12.00
# Visual Studio Version 16
VisualStudioVersion = 16.0.31402.337
MinimumVisualStudioVersion = 10.0.40219.1
Project("{FAE04EC0-301F-11D3-BF4B-00C04F79EFBC}") = "Sorteren", "Sorteren\Sorteren.csproj", "{31418544-5EEA-4B71-89BB-98E3FEFE09E9}"
EndProject
Project("{FAE04EC0-301F-11D3-BF4B-00C04F79EFBC}") = "Fouten", "Fouten\Fouten.csproj", "{615FCD04-FAFC-4F2C-9ED1-147E329B64FE}"
EndProject
Global
	GlobalSection(SolutionConfigurationPlatforms) = preSolution
		Debug|Any CPU = Debug|Any CPU
		Release|Any CPU = Release|Any CPU
	EndGlobalSection
	GlobalSection(ProjectConfigurationPlatforms) = postSolution
		{31418544-5EEA-4B71-89BB-98E3FEFE09E9}.Debug|Any CPU.ActiveCfg = Debug|Any CPU
		{31418544-5EEA-4B71-89BB-98E3FEFE09E9}.Debug|Any CPU.Build.0 = Debug|Any CPU
		{31418544-5EEA-4B71-89BB-98E3FEFE09E9}.Release|Any CPU.ActiveCfg = Release|Any CPU
		{31418544-5EEA-4B71-89BB-98E3FEFE09E9}.Release|Any CPU.Build.0 = Release|Any CPU
		{615FCD04-FAFC-4F2C-9ED1-147E329B64FE}.Debug|Any CPU.ActiveCfg = Debug|Any CPU
		{615FCD04-FAFC-4F2C-9ED1-147E329B64FE}.Debug|Any CPU.Build.0 = Debug|Any CPU
		{615FCD04-FAFC-4F2C-9ED1-147E329B64FE}.Release|Any CPU.ActiveCfg = Release|Any CPU
		{615FCD04-FAFC-4F2C-9ED1-147E329B64FE}.Release|Any CPU.Build.0 = Release|Any CPU
	EndGlobalSection
	GlobalSection(SolutionProperties) = preSolution
		HideSolutionNode = FALSE
	EndGlobalSection
	GlobalSection(ExtensibilityGlobals) = postSolution
		SolutionGuid = {14F42000-FC6A-42E1-90B3-85D7C046E965}
	EndGlobalSection
EndGlobal
