
Microsoft Visual Studio Solution File, Format Version 12.00
# Visual Studio Version 16
VisualStudioVersion = 16.0.31402.337
MinimumVisualStudioVersion = 10.0.40219.1
Project("{FAE04EC0-301F-11D3-BF4B-00C04F79EFBC}") = "GedoeMetGetallen", "GedoeMetGetallen\GedoeMetGetallen.csproj", "{6053CB1E-1349-4268-8241-2D50BE232E45}"
EndProject
Global
	GlobalSection(SolutionConfigurationPlatforms) = preSolution
		Debug|Any CPU = Debug|Any CPU
		Release|Any CPU = Release|Any CPU
	EndGlobalSection
	GlobalSection(ProjectConfigurationPlatforms) = postSolution
		{6053CB1E-1349-4268-8241-2D50BE232E45}.Debug|Any CPU.ActiveCfg = Debug|Any CPU
		{6053CB1E-1349-4268-8241-2D50BE232E45}.Debug|Any CPU.Build.0 = Debug|Any CPU
		{6053CB1E-1349-4268-8241-2D50BE232E45}.Release|Any CPU.ActiveCfg = Release|Any CPU
		{6053CB1E-1349-4268-8241-2D50BE232E45}.Release|Any CPU.Build.0 = Release|Any CPU
	EndGlobalSection
	GlobalSection(SolutionProperties) = preSolution
		HideSolutionNode = FALSE
	EndGlobalSection
	GlobalSection(ExtensibilityGlobals) = postSolution
		SolutionGuid = {E6B854C9-292E-4894-82A1-352CED810A75}
	EndGlobalSection
EndGlobal
