
Microsoft Visual Studio Solution File, Format Version 12.00
# Visual Studio Version 16
VisualStudioVersion = 16.0.31402.337
MinimumVisualStudioVersion = 10.0.40219.1
Project("{FAE04EC0-301F-11D3-BF4B-00C04F79EFBC}") = "LampenFabriek", "LampenFabriek\LampenFabriek.csproj", "{236BAF37-DC3B-406A-B252-516E85CFFD86}"
EndProject
Project("{FAE04EC0-301F-11D3-BF4B-00C04F79EFBC}") = "Rekenarij", "Rekenarij\Rekenarij.csproj", "{4FB37792-616A-411C-945A-7635EC3BBE4B}"
EndProject
Project("{FAE04EC0-301F-11D3-BF4B-00C04F79EFBC}") = "TekenProgramma", "TekenProgramma\TekenProgramma.csproj", "{C2D150FF-CB19-4BFD-B770-410E6ECE75A6}"
EndProject
Project("{FAE04EC0-301F-11D3-BF4B-00C04F79EFBC}") = "Gravies", "Gravies\Gravies.csproj", "{346FA55A-A26F-4623-A7C8-5D4E733AAACD}"
EndProject
Project("{FAE04EC0-301F-11D3-BF4B-00C04F79EFBC}") = "Zoo", "Zoo\Zoo.csproj", "{5DA249AE-5B7C-41F9-9CDB-B8ADBCD1A563}"
EndProject
Global
	GlobalSection(SolutionConfigurationPlatforms) = preSolution
		Debug|Any CPU = Debug|Any CPU
		Release|Any CPU = Release|Any CPU
	EndGlobalSection
	GlobalSection(ProjectConfigurationPlatforms) = postSolution
		{236BAF37-DC3B-406A-B252-516E85CFFD86}.Debug|Any CPU.ActiveCfg = Debug|Any CPU
		{236BAF37-DC3B-406A-B252-516E85CFFD86}.Debug|Any CPU.Build.0 = Debug|Any CPU
		{236BAF37-DC3B-406A-B252-516E85CFFD86}.Release|Any CPU.ActiveCfg = Release|Any CPU
		{236BAF37-DC3B-406A-B252-516E85CFFD86}.Release|Any CPU.Build.0 = Release|Any CPU
		{4FB37792-616A-411C-945A-7635EC3BBE4B}.Debug|Any CPU.ActiveCfg = Debug|Any CPU
		{4FB37792-616A-411C-945A-7635EC3BBE4B}.Debug|Any CPU.Build.0 = Debug|Any CPU
		{4FB37792-616A-411C-945A-7635EC3BBE4B}.Release|Any CPU.ActiveCfg = Release|Any CPU
		{4FB37792-616A-411C-945A-7635EC3BBE4B}.Release|Any CPU.Build.0 = Release|Any CPU
		{C2D150FF-CB19-4BFD-B770-410E6ECE75A6}.Debug|Any CPU.ActiveCfg = Debug|Any CPU
		{C2D150FF-CB19-4BFD-B770-410E6ECE75A6}.Debug|Any CPU.Build.0 = Debug|Any CPU
		{C2D150FF-CB19-4BFD-B770-410E6ECE75A6}.Release|Any CPU.ActiveCfg = Release|Any CPU
		{C2D150FF-CB19-4BFD-B770-410E6ECE75A6}.Release|Any CPU.Build.0 = Release|Any CPU
		{346FA55A-A26F-4623-A7C8-5D4E733AAACD}.Debug|Any CPU.ActiveCfg = Debug|Any CPU
		{346FA55A-A26F-4623-A7C8-5D4E733AAACD}.Debug|Any CPU.Build.0 = Debug|Any CPU
		{346FA55A-A26F-4623-A7C8-5D4E733AAACD}.Release|Any CPU.ActiveCfg = Release|Any CPU
		{346FA55A-A26F-4623-A7C8-5D4E733AAACD}.Release|Any CPU.Build.0 = Release|Any CPU
		{5DA249AE-5B7C-41F9-9CDB-B8ADBCD1A563}.Debug|Any CPU.ActiveCfg = Debug|Any CPU
		{5DA249AE-5B7C-41F9-9CDB-B8ADBCD1A563}.Debug|Any CPU.Build.0 = Debug|Any CPU
		{5DA249AE-5B7C-41F9-9CDB-B8ADBCD1A563}.Release|Any CPU.ActiveCfg = Release|Any CPU
		{5DA249AE-5B7C-41F9-9CDB-B8ADBCD1A563}.Release|Any CPU.Build.0 = Release|Any CPU
	EndGlobalSection
	GlobalSection(SolutionProperties) = preSolution
		HideSolutionNode = FALSE
	EndGlobalSection
	GlobalSection(ExtensibilityGlobals) = postSolution
		SolutionGuid = {3590425A-A4FD-444E-A8B2-71E6C8393BC7}
	EndGlobalSection
EndGlobal
